
Microsoft Visual Studio Solution File, Format Version 12.00
# Visual Studio Version 16
VisualStudioVersion = 16.0.33027.164
MinimumVisualStudioVersion = 10.0.40219.1
Project("{FAE04EC0-301F-11D3-BF4B-00C04F79EFBC}") = "TechieTrading.Server", "Server\TechieTrading.Server.csproj", "{E466CC60-9C0B-47B3-903E-6AC9EE3A744F}"
EndProject
Project("{FAE04EC0-301F-11D3-BF4B-00C04F79EFBC}") = "TechieTrading.Client", "Client\TechieTrading.Client.csproj", "{64FB598F-8A14-4B60-B19F-C5691C481EE8}"
EndProject
Project("{FAE04EC0-301F-11D3-BF4B-00C04F79EFBC}") = "TechieTrading.Shared", "Shared\TechieTrading.Shared.csproj", "{071C2E81-7536-45B7-BAB5-4796A48016CE}"
EndProject
Global
	GlobalSection(SolutionConfigurationPlatforms) = preSolution
		Debug|Any CPU = Debug|Any CPU
		Release|Any CPU = Release|Any CPU
	EndGlobalSection
	GlobalSection(ProjectConfigurationPlatforms) = postSolution
		{E466CC60-9C0B-47B3-903E-6AC9EE3A744F}.Debug|Any CPU.ActiveCfg = Debug|Any CPU
		{E466CC60-9C0B-47B3-903E-6AC9EE3A744F}.Debug|Any CPU.Build.0 = Debug|Any CPU
		{E466CC60-9C0B-47B3-903E-6AC9EE3A744F}.Release|Any CPU.ActiveCfg = Release|Any CPU
		{E466CC60-9C0B-47B3-903E-6AC9EE3A744F}.Release|Any CPU.Build.0 = Release|Any CPU
		{64FB598F-8A14-4B60-B19F-C5691C481EE8}.Debug|Any CPU.ActiveCfg = Debug|Any CPU
		{64FB598F-8A14-4B60-B19F-C5691C481EE8}.Debug|Any CPU.Build.0 = Debug|Any CPU
		{64FB598F-8A14-4B60-B19F-C5691C481EE8}.Release|Any CPU.ActiveCfg = Release|Any CPU
		{64FB598F-8A14-4B60-B19F-C5691C481EE8}.Release|Any CPU.Build.0 = Release|Any CPU
		{071C2E81-7536-45B7-BAB5-4796A48016CE}.Debug|Any CPU.ActiveCfg = Debug|Any CPU
		{071C2E81-7536-45B7-BAB5-4796A48016CE}.Debug|Any CPU.Build.0 = Debug|Any CPU
		{071C2E81-7536-45B7-BAB5-4796A48016CE}.Release|Any CPU.ActiveCfg = Release|Any CPU
		{071C2E81-7536-45B7-BAB5-4796A48016CE}.Release|Any CPU.Build.0 = Release|Any CPU
	EndGlobalSection
	GlobalSection(SolutionProperties) = preSolution
		HideSolutionNode = FALSE
	EndGlobalSection
	GlobalSection(ExtensibilityGlobals) = postSolution
		SolutionGuid = {2E1AD279-8D44-4E61-9407-FC8A9AF176A0}
	EndGlobalSection
EndGlobal
